
Microsoft Visual Studio Solution File, Format Version 12.00
# Visual Studio Version 17
VisualStudioVersion = 17.10.35013.160
MinimumVisualStudioVersion = 10.0.40219.1
Project("{9A19103F-16F7-4668-BE54-9A1E7A4F7556}") = "CSharpOdev11", "CSharpOdev11\CSharpOdev11.csproj", "{68A60D4D-7E45-4D55-82F5-6E90D2C23EB2}"
EndProject
Project("{2150E333-8FDC-42A3-9474-1A3956D46DE8}") = "Solution Items", "Solution Items", "{B27E79BA-E97B-46C3-9B7A-4BAEEC99B146}"
	ProjectSection(SolutionItems) = preProject
		README.md = README.md
	EndProjectSection
EndProject
Global
	GlobalSection(SolutionConfigurationPlatforms) = preSolution
		Debug|Any CPU = Debug|Any CPU
		Release|Any CPU = Release|Any CPU
	EndGlobalSection
	GlobalSection(ProjectConfigurationPlatforms) = postSolution
		{68A60D4D-7E45-4D55-82F5-6E90D2C23EB2}.Debug|Any CPU.ActiveCfg = Debug|Any CPU
		{68A60D4D-7E45-4D55-82F5-6E90D2C23EB2}.Debug|Any CPU.Build.0 = Debug|Any CPU
		{68A60D4D-7E45-4D55-82F5-6E90D2C23EB2}.Release|Any CPU.ActiveCfg = Release|Any CPU
		{68A60D4D-7E45-4D55-82F5-6E90D2C23EB2}.Release|Any CPU.Build.0 = Release|Any CPU
	EndGlobalSection
	GlobalSection(SolutionProperties) = preSolution
		HideSolutionNode = FALSE
	EndGlobalSection
	GlobalSection(ExtensibilityGlobals) = postSolution
		SolutionGuid = {E36609FF-B236-456D-BB25-93CD41EAD540}
	EndGlobalSection
EndGlobal
